
Microsoft Visual Studio Solution File, Format Version 12.00
# Visual Studio Version 17
VisualStudioVersion = 17.14.36408.4 d17.14
MinimumVisualStudioVersion = 10.0.40219.1
Project("{FAE04EC0-301F-11D3-BF4B-00C04F79EFBC}") = "PizzaTest", "PizzaTest.csproj", "{FBE2477F-1F82-4877-BCC6-AB6CD18F067B}"
EndProject
Global
	GlobalSection(SolutionConfigurationPlatforms) = preSolution
		Debug|Any CPU = Debug|Any CPU
		Release|Any CPU = Release|Any CPU
	EndGlobalSection
	GlobalSection(ProjectConfigurationPlatforms) = postSolution
		{FBE2477F-1F82-4877-BCC6-AB6CD18F067B}.Debug|Any CPU.ActiveCfg = Debug|Any CPU
		{FBE2477F-1F82-4877-BCC6-AB6CD18F067B}.Debug|Any CPU.Build.0 = Debug|Any CPU
		{FBE2477F-1F82-4877-BCC6-AB6CD18F067B}.Release|Any CPU.ActiveCfg = Release|Any CPU
		{FBE2477F-1F82-4877-BCC6-AB6CD18F067B}.Release|Any CPU.Build.0 = Release|Any CPU
	EndGlobalSection
	GlobalSection(SolutionProperties) = preSolution
		HideSolutionNode = FALSE
	EndGlobalSection
	GlobalSection(ExtensibilityGlobals) = postSolution
		SolutionGuid = {58881634-B50B-4DF4-A0B6-344228403F50}
	EndGlobalSection
EndGlobal
